// !$*UTF8*$!
{
	archiveVersion = 1;
	classes = {
	};
	objectVersion = 56;
	objects = {

/* Begin PBXBuildFile section */
		BF02E1C52B15AAD2008DE254 /* noise.wav in Resources */ = {isa = PBXBuildFile; fileRef = BF02E1C42B15AAD2008DE254 /* noise.wav */; };
		BF02E1C72B15AB2E008DE254 /* Drums.wav in Resources */ = {isa = PBXBuildFile; fileRef = BF02E1C62B15AB2E008DE254 /* Drums.wav */; };
		BF02E1CA2B15AB8C008DE254 /* AudioStreamerModel.swift in Sources */ = {isa = PBXBuildFile; fileRef = BF02E1C92B15AB8C008DE254 /* AudioStreamerModel.swift */; };
		BF02E1CC2B160384008DE254 /* AudioInfoModel.swift in Sources */ = {isa = PBXBuildFile; fileRef = BF02E1CB2B160384008DE254 /* AudioInfoModel.swift */; };
		BF02E1CE2B1609E0008DE254 /* QueueModel.swift in Sources */ = {isa = PBXBuildFile; fileRef = BF02E1CD2B1609E0008DE254 /* QueueModel.swift */; };
		BF3858FA2B34284C003E7C38 /* Test.wav in Resources */ = {isa = PBXBuildFile; fileRef = BF3858F92B34284C003E7C38 /* Test.wav */; };
		BF5F83462B1EEF1E000E0926 /* InnerRoomInfoMessage.swift in Sources */ = {isa = PBXBuildFile; fileRef = BF5F83452B1EEF1E000E0926 /* InnerRoomInfoMessage.swift */; };
		BF7663B32B1DA8A200F29FF9 /* SoundPathModel.swift in Sources */ = {isa = PBXBuildFile; fileRef = BF7663B22B1DA8A200F29FF9 /* SoundPathModel.swift */; };
		BF8EFDB32B14601B00623870 /* ConvexHullInfoModel.swift in Sources */ = {isa = PBXBuildFile; fileRef = BF8EFDB22B14601B00623870 /* ConvexHullInfoModel.swift */; };
		BF8EFDB62B14624C00623870 /* StackModel.swift in Sources */ = {isa = PBXBuildFile; fileRef = BF8EFDB52B14624C00623870 /* StackModel.swift */; };
		BF94323C2B17295A00499C3A /* SideMenuView.swift in Sources */ = {isa = PBXBuildFile; fileRef = BF94323B2B17295A00499C3A /* SideMenuView.swift */; };
		BF94323E2B17304B00499C3A /* OuterRoomInfoMessage.swift in Sources */ = {isa = PBXBuildFile; fileRef = BF94323D2B17304B00499C3A /* OuterRoomInfoMessage.swift */; };
		BF9432412B17313B00499C3A /* OuterRoomInfoModel.swift in Sources */ = {isa = PBXBuildFile; fileRef = BF9432402B17313B00499C3A /* OuterRoomInfoModel.swift */; };
		BF9432452B186E1400499C3A /* ConvexHullShape.swift in Sources */ = {isa = PBXBuildFile; fileRef = BF9432432B186E1400499C3A /* ConvexHullShape.swift */; };
		BF9432462B186E1400499C3A /* ArrowShape.swift in Sources */ = {isa = PBXBuildFile; fileRef = BF9432442B186E1400499C3A /* ArrowShape.swift */; };
		BFB1124F2B0F554300A301AC /* AdHocLoudspeakerArrayApp.swift in Sources */ = {isa = PBXBuildFile; fileRef = BFB1124E2B0F554300A301AC /* AdHocLoudspeakerArrayApp.swift */; };
		BFB112512B0F554300A301AC /* TopPageView.swift in Sources */ = {isa = PBXBuildFile; fileRef = BFB112502B0F554300A301AC /* TopPageView.swift */; };
		BFB112532B0F554600A301AC /* Assets.xcassets in Resources */ = {isa = PBXBuildFile; fileRef = BFB112522B0F554600A301AC /* Assets.xcassets */; };
		BFB112562B0F554600A301AC /* Preview Assets.xcassets in Resources */ = {isa = PBXBuildFile; fileRef = BFB112552B0F554600A301AC /* Preview Assets.xcassets */; };
		BFB1125E2B0F558A00A301AC /* AdHocModel.swift in Sources */ = {isa = PBXBuildFile; fileRef = BFB1125D2B0F558A00A301AC /* AdHocModel.swift */; };
		BFB112602B0F63CD00A301AC /* SoundOperatorModel.swift in Sources */ = {isa = PBXBuildFile; fileRef = BFB1125F2B0F63CD00A301AC /* SoundOperatorModel.swift */; };
		BFB112622B0F64FE00A301AC /* LoudspeakerModel.swift in Sources */ = {isa = PBXBuildFile; fileRef = BFB112612B0F64FE00A301AC /* LoudspeakerModel.swift */; };
		BFB112682B10700600A301AC /* RoundedCornersButtonStyle.swift in Sources */ = {isa = PBXBuildFile; fileRef = BFB112672B10700600A301AC /* RoundedCornersButtonStyle.swift */; };
		BFB1126C2B10716F00A301AC /* PositionView.swift in Sources */ = {isa = PBXBuildFile; fileRef = BFB1126B2B10716F00A301AC /* PositionView.swift */; };
		BFB1126E2B1071AD00A301AC /* Position.swift in Sources */ = {isa = PBXBuildFile; fileRef = BFB1126D2B1071AD00A301AC /* Position.swift */; };
		BFB112722B10725800A301AC /* SoundOperatorView.swift in Sources */ = {isa = PBXBuildFile; fileRef = BFB112712B10725800A301AC /* SoundOperatorView.swift */; };
		BFB112752B108DDE00A301AC /* LoudspeakerView.swift in Sources */ = {isa = PBXBuildFile; fileRef = BFB112742B108DDE00A301AC /* LoudspeakerView.swift */; };
		BFB112782B10AFA200A301AC /* LoudspeakerInfoMessage.swift in Sources */ = {isa = PBXBuildFile; fileRef = BFB112772B10AFA200A301AC /* LoudspeakerInfoMessage.swift */; };
		BFB1127A2B10AFBA00A301AC /* AudioInfoMessage.swift in Sources */ = {isa = PBXBuildFile; fileRef = BFB112792B10AFBA00A301AC /* AudioInfoMessage.swift */; };
		BFB112802B10B71F00A301AC /* LoudspeakerInfoModel.swift in Sources */ = {isa = PBXBuildFile; fileRef = BFB1127F2B10B71F00A301AC /* LoudspeakerInfoModel.swift */; };
		BFB112882B10D84100A301AC /* LoudspeakerInformationsDictionary.swift in Sources */ = {isa = PBXBuildFile; fileRef = BFB112872B10D84100A301AC /* LoudspeakerInformationsDictionary.swift */; };
		BFC1BB562B413A66006E2DB4 /* AudioLocationInfoMessage.swift in Sources */ = {isa = PBXBuildFile; fileRef = BFC1BB552B413A66006E2DB4 /* AudioLocationInfoMessage.swift */; };
/* End PBXBuildFile section */

/* Begin PBXFileReference section */
		BF02E1C42B15AAD2008DE254 /* noise.wav */ = {isa = PBXFileReference; lastKnownFileType = audio.wav; path = noise.wav; sourceTree = "<group>"; };
		BF02E1C62B15AB2E008DE254 /* Drums.wav */ = {isa = PBXFileReference; lastKnownFileType = audio.wav; path = Drums.wav; sourceTree = "<group>"; };
		BF02E1C92B15AB8C008DE254 /* AudioStreamerModel.swift */ = {isa = PBXFileReference; lastKnownFileType = sourcecode.swift; path = AudioStreamerModel.swift; sourceTree = "<group>"; };
		BF02E1CB2B160384008DE254 /* AudioInfoModel.swift */ = {isa = PBXFileReference; lastKnownFileType = sourcecode.swift; path = AudioInfoModel.swift; sourceTree = "<group>"; };
		BF02E1CD2B1609E0008DE254 /* QueueModel.swift */ = {isa = PBXFileReference; lastKnownFileType = sourcecode.swift; path = QueueModel.swift; sourceTree = "<group>"; };
		BF3858F92B34284C003E7C38 /* Test.wav */ = {isa = PBXFileReference; lastKnownFileType = audio.wav; path = Test.wav; sourceTree = "<group>"; };
		BF5F83452B1EEF1E000E0926 /* InnerRoomInfoMessage.swift */ = {isa = PBXFileReference; lastKnownFileType = sourcecode.swift; path = InnerRoomInfoMessage.swift; sourceTree = "<group>"; };
		BF7663B22B1DA8A200F29FF9 /* SoundPathModel.swift */ = {isa = PBXFileReference; lastKnownFileType = sourcecode.swift; path = SoundPathModel.swift; sourceTree = "<group>"; };
		BF8EFDB22B14601B00623870 /* ConvexHullInfoModel.swift */ = {isa = PBXFileReference; lastKnownFileType = sourcecode.swift; path = ConvexHullInfoModel.swift; sourceTree = "<group>"; };
		BF8EFDB52B14624C00623870 /* StackModel.swift */ = {isa = PBXFileReference; lastKnownFileType = sourcecode.swift; path = StackModel.swift; sourceTree = "<group>"; };
		BF94323B2B17295A00499C3A /* SideMenuView.swift */ = {isa = PBXFileReference; lastKnownFileType = sourcecode.swift; path = SideMenuView.swift; sourceTree = "<group>"; };
		BF94323D2B17304B00499C3A /* OuterRoomInfoMessage.swift */ = {isa = PBXFileReference; lastKnownFileType = sourcecode.swift; path = OuterRoomInfoMessage.swift; sourceTree = "<group>"; };
		BF9432402B17313B00499C3A /* OuterRoomInfoModel.swift */ = {isa = PBXFileReference; lastKnownFileType = sourcecode.swift; path = OuterRoomInfoModel.swift; sourceTree = "<group>"; };
		BF9432432B186E1400499C3A /* ConvexHullShape.swift */ = {isa = PBXFileReference; fileEncoding = 4; lastKnownFileType = sourcecode.swift; path = ConvexHullShape.swift; sourceTree = "<group>"; };
		BF9432442B186E1400499C3A /* ArrowShape.swift */ = {isa = PBXFileReference; fileEncoding = 4; lastKnownFileType = sourcecode.swift; path = ArrowShape.swift; sourceTree = "<group>"; };
		BFB1124B2B0F554300A301AC /* AdHocLoudspeakerArray.app */ = {isa = PBXFileReference; explicitFileType = wrapper.application; includeInIndex = 0; path = AdHocLoudspeakerArray.app; sourceTree = BUILT_PRODUCTS_DIR; };
		BFB1124E2B0F554300A301AC /* AdHocLoudspeakerArrayApp.swift */ = {isa = PBXFileReference; lastKnownFileType = sourcecode.swift; path = AdHocLoudspeakerArrayApp.swift; sourceTree = "<group>"; };
		BFB112502B0F554300A301AC /* TopPageView.swift */ = {isa = PBXFileReference; lastKnownFileType = sourcecode.swift; path = TopPageView.swift; sourceTree = "<group>"; };
		BFB112522B0F554600A301AC /* Assets.xcassets */ = {isa = PBXFileReference; lastKnownFileType = folder.assetcatalog; path = Assets.xcassets; sourceTree = "<group>"; };
		BFB112552B0F554600A301AC /* Preview Assets.xcassets */ = {isa = PBXFileReference; lastKnownFileType = folder.assetcatalog; path = "Preview Assets.xcassets"; sourceTree = "<group>"; };
		BFB1125D2B0F558A00A301AC /* AdHocModel.swift */ = {isa = PBXFileReference; lastKnownFileType = sourcecode.swift; path = AdHocModel.swift; sourceTree = "<group>"; };
		BFB1125F2B0F63CD00A301AC /* SoundOperatorModel.swift */ = {isa = PBXFileReference; lastKnownFileType = sourcecode.swift; path = SoundOperatorModel.swift; sourceTree = "<group>"; };
		BFB112612B0F64FE00A301AC /* LoudspeakerModel.swift */ = {isa = PBXFileReference; lastKnownFileType = sourcecode.swift; path = LoudspeakerModel.swift; sourceTree = "<group>"; };
		BFB112632B105DB800A301AC /* Info.plist */ = {isa = PBXFileReference; lastKnownFileType = text.plist; path = Info.plist; sourceTree = "<group>"; };
		BFB112672B10700600A301AC /* RoundedCornersButtonStyle.swift */ = {isa = PBXFileReference; lastKnownFileType = sourcecode.swift; path = RoundedCornersButtonStyle.swift; sourceTree = "<group>"; };
		BFB1126B2B10716F00A301AC /* PositionView.swift */ = {isa = PBXFileReference; lastKnownFileType = sourcecode.swift; path = PositionView.swift; sourceTree = "<group>"; };
		BFB1126D2B1071AD00A301AC /* Position.swift */ = {isa = PBXFileReference; lastKnownFileType = sourcecode.swift; path = Position.swift; sourceTree = "<group>"; };
		BFB112712B10725800A301AC /* SoundOperatorView.swift */ = {isa = PBXFileReference; lastKnownFileType = sourcecode.swift; path = SoundOperatorView.swift; sourceTree = "<group>"; };
		BFB112742B108DDE00A301AC /* LoudspeakerView.swift */ = {isa = PBXFileReference; lastKnownFileType = sourcecode.swift; path = LoudspeakerView.swift; sourceTree = "<group>"; };
		BFB112772B10AFA200A301AC /* LoudspeakerInfoMessage.swift */ = {isa = PBXFileReference; lastKnownFileType = sourcecode.swift; path = LoudspeakerInfoMessage.swift; sourceTree = "<group>"; };
		BFB112792B10AFBA00A301AC /* AudioInfoMessage.swift */ = {isa = PBXFileReference; lastKnownFileType = sourcecode.swift; path = AudioInfoMessage.swift; sourceTree = "<group>"; };
		BFB1127F2B10B71F00A301AC /* LoudspeakerInfoModel.swift */ = {isa = PBXFileReference; lastKnownFileType = sourcecode.swift; path = LoudspeakerInfoModel.swift; sourceTree = "<group>"; };
		BFB112872B10D84100A301AC /* LoudspeakerInformationsDictionary.swift */ = {isa = PBXFileReference; lastKnownFileType = sourcecode.swift; path = LoudspeakerInformationsDictionary.swift; sourceTree = "<group>"; };
		BFC1BB552B413A66006E2DB4 /* AudioLocationInfoMessage.swift */ = {isa = PBXFileReference; lastKnownFileType = sourcecode.swift; path = AudioLocationInfoMessage.swift; sourceTree = "<group>"; };
/* End PBXFileReference section */

/* Begin PBXFrameworksBuildPhase section */
		BFB112482B0F554300A301AC /* Frameworks */ = {
			isa = PBXFrameworksBuildPhase;
			buildActionMask = 2147483647;
			files = (
			);
			runOnlyForDeploymentPostprocessing = 0;
		};
/* End PBXFrameworksBuildPhase section */

/* Begin PBXGroup section */
		BF02E1C82B15AB6E008DE254 /* SoundStreamer */ = {
			isa = PBXGroup;
			children = (
				BF02E1C92B15AB8C008DE254 /* AudioStreamerModel.swift */,
				BF02E1CB2B160384008DE254 /* AudioInfoModel.swift */,
			);
			path = SoundStreamer;
			sourceTree = "<group>";
		};
		BF7663B12B1DA88900F29FF9 /* SoundPath */ = {
			isa = PBXGroup;
			children = (
				BF7663B22B1DA8A200F29FF9 /* SoundPathModel.swift */,
			);
			path = SoundPath;
			sourceTree = "<group>";
		};
		BF8EFDB12B145FC400623870 /* ConvexHull */ = {
			isa = PBXGroup;
			children = (
				BF8EFDB22B14601B00623870 /* ConvexHullInfoModel.swift */,
			);
			path = ConvexHull;
			sourceTree = "<group>";
		};
		BF8EFDB42B14622B00623870 /* Algorithm */ = {
			isa = PBXGroup;
			children = (
				BF8EFDB52B14624C00623870 /* StackModel.swift */,
				BF02E1CD2B1609E0008DE254 /* QueueModel.swift */,
			);
			path = Algorithm;
			sourceTree = "<group>";
		};
		BF94323F2B17312200499C3A /* OuterRoom */ = {
			isa = PBXGroup;
			children = (
				BF9432402B17313B00499C3A /* OuterRoomInfoModel.swift */,
			);
			path = OuterRoom;
			sourceTree = "<group>";
		};
		BF9432422B186DF700499C3A /* Shape */ = {
			isa = PBXGroup;
			children = (
				BF9432442B186E1400499C3A /* ArrowShape.swift */,
				BF9432432B186E1400499C3A /* ConvexHullShape.swift */,
			);
			path = Shape;
			sourceTree = "<group>";
		};
		BFB112422B0F554300A301AC = {
			isa = PBXGroup;
			children = (
				BFB1124D2B0F554300A301AC /* AdHocLoudspeakerArray */,
				BFB1124C2B0F554300A301AC /* Products */,
			);
			sourceTree = "<group>";
		};
		BFB1124C2B0F554300A301AC /* Products */ = {
			isa = PBXGroup;
			children = (
				BFB1124B2B0F554300A301AC /* AdHocLoudspeakerArray.app */,
			);
			name = Products;
			sourceTree = "<group>";
		};
		BFB1124D2B0F554300A301AC /* AdHocLoudspeakerArray */ = {
			isa = PBXGroup;
			children = (
				BFB112632B105DB800A301AC /* Info.plist */,
				BFB112652B106E6D00A301AC /* View */,
				BFB1125C2B0F556800A301AC /* Model */,
				BFB1124E2B0F554300A301AC /* AdHocLoudspeakerArrayApp.swift */,
				BFB112522B0F554600A301AC /* Assets.xcassets */,
				BFB112542B0F554600A301AC /* Preview Content */,
			);
			path = AdHocLoudspeakerArray;
			sourceTree = "<group>";
		};
		BFB112542B0F554600A301AC /* Preview Content */ = {
			isa = PBXGroup;
			children = (
				BF02E1C42B15AAD2008DE254 /* noise.wav */,
				BFB112552B0F554600A301AC /* Preview Assets.xcassets */,
				BF02E1C62B15AB2E008DE254 /* Drums.wav */,
				BF3858F92B34284C003E7C38 /* Test.wav */,
			);
			path = "Preview Content";
			sourceTree = "<group>";
		};
		BFB1125C2B0F556800A301AC /* Model */ = {
			isa = PBXGroup;
			children = (
				BF94323F2B17312200499C3A /* OuterRoom */,
				BF02E1C82B15AB6E008DE254 /* SoundStreamer */,
				BF8EFDB42B14622B00623870 /* Algorithm */,
				BF8EFDB12B145FC400623870 /* ConvexHull */,
				BFB112832B10D1FC00A301AC /* SoundOperator */,
				BFB112822B10D1EE00A301AC /* Loudspeaker */,
				BFB112762B10AF6A00A301AC /* Structure */,
				BFB1125D2B0F558A00A301AC /* AdHocModel.swift */,
			);
			path = Model;
			sourceTree = "<group>";
		};
		BFB112652B106E6D00A301AC /* View */ = {
			isa = PBXGroup;
			children = (
				BF9432422B186DF700499C3A /* Shape */,
				BFB112732B108DBF00A301AC /* Loudspeaker */,
				BFB112702B10724100A301AC /* SoundOperator */,
				BFB112692B1070F500A301AC /* TopPage */,
				BFB112662B106FCA00A301AC /* Style */,
			);
			path = View;
			sourceTree = "<group>";
		};
		BFB112662B106FCA00A301AC /* Style */ = {
			isa = PBXGroup;
			children = (
				BFB112672B10700600A301AC /* RoundedCornersButtonStyle.swift */,
			);
			path = Style;
			sourceTree = "<group>";
		};
		BFB112692B1070F500A301AC /* TopPage */ = {
			isa = PBXGroup;
			children = (
				BFB112502B0F554300A301AC /* TopPageView.swift */,
				BFB1126A2B10714400A301AC /* SubView */,
			);
			path = TopPage;
			sourceTree = "<group>";
		};
		BFB1126A2B10714400A301AC /* SubView */ = {
			isa = PBXGroup;
			children = (
				BFB1126B2B10716F00A301AC /* PositionView.swift */,
				BFB1126D2B1071AD00A301AC /* Position.swift */,
			);
			path = SubView;
			sourceTree = "<group>";
		};
		BFB112702B10724100A301AC /* SoundOperator */ = {
			isa = PBXGroup;
			children = (
				BFB112712B10725800A301AC /* SoundOperatorView.swift */,
				BF94323B2B17295A00499C3A /* SideMenuView.swift */,
			);
			path = SoundOperator;
			sourceTree = "<group>";
		};
		BFB112732B108DBF00A301AC /* Loudspeaker */ = {
			isa = PBXGroup;
			children = (
				BFB112742B108DDE00A301AC /* LoudspeakerView.swift */,
			);
			path = Loudspeaker;
			sourceTree = "<group>";
		};
		BFB112762B10AF6A00A301AC /* Structure */ = {
			isa = PBXGroup;
			children = (
				BFB112772B10AFA200A301AC /* LoudspeakerInfoMessage.swift */,
				BFB112792B10AFBA00A301AC /* AudioInfoMessage.swift */,
				BF94323D2B17304B00499C3A /* OuterRoomInfoMessage.swift */,
				BF5F83452B1EEF1E000E0926 /* InnerRoomInfoMessage.swift */,
				BFC1BB552B413A66006E2DB4 /* AudioLocationInfoMessage.swift */,
			);
			path = Structure;
			sourceTree = "<group>";
		};
		BFB1127E2B10B6E600A301AC /* LoudspeakerInfo */ = {
			isa = PBXGroup;
			children = (
				BFB1127F2B10B71F00A301AC /* LoudspeakerInfoModel.swift */,
				BFB112872B10D84100A301AC /* LoudspeakerInformationsDictionary.swift */,
			);
			path = LoudspeakerInfo;
			sourceTree = "<group>";
		};
		BFB112822B10D1EE00A301AC /* Loudspeaker */ = {
			isa = PBXGroup;
			children = (
				BF7663B12B1DA88900F29FF9 /* SoundPath */,
				BFB112612B0F64FE00A301AC /* LoudspeakerModel.swift */,
			);
			path = Loudspeaker;
			sourceTree = "<group>";
		};
		BFB112832B10D1FC00A301AC /* SoundOperator */ = {
			isa = PBXGroup;
			children = (
				BFB1125F2B0F63CD00A301AC /* SoundOperatorModel.swift */,
				BFB1127E2B10B6E600A301AC /* LoudspeakerInfo */,
			);
			path = SoundOperator;
			sourceTree = "<group>";
		};
/* End PBXGroup section */

/* Begin PBXNativeTarget section */
		BFB1124A2B0F554300A301AC /* AdHocLoudspeakerArray */ = {
			isa = PBXNativeTarget;
			buildConfigurationList = BFB112592B0F554600A301AC /* Build configuration list for PBXNativeTarget "AdHocLoudspeakerArray" */;
			buildPhases = (
				BFB112472B0F554300A301AC /* Sources */,
				BFB112482B0F554300A301AC /* Frameworks */,
				BFB112492B0F554300A301AC /* Resources */,
			);
			buildRules = (
			);
			dependencies = (
			);
			name = AdHocLoudspeakerArray;
			productName = AdHocLoudspeakerArray;
			productReference = BFB1124B2B0F554300A301AC /* AdHocLoudspeakerArray.app */;
			productType = "com.apple.product-type.application";
		};
/* End PBXNativeTarget section */

/* Begin PBXProject section */
		BFB112432B0F554300A301AC /* Project object */ = {
			isa = PBXProject;
			attributes = {
				BuildIndependentTargetsInParallel = 1;
				LastSwiftUpdateCheck = 1500;
				LastUpgradeCheck = 1500;
				TargetAttributes = {
					BFB1124A2B0F554300A301AC = {
						CreatedOnToolsVersion = 15.0.1;
					};
				};
			};
			buildConfigurationList = BFB112462B0F554300A301AC /* Build configuration list for PBXProject "AdHocLoudspeakerArray" */;
			compatibilityVersion = "Xcode 14.0";
			developmentRegion = en;
			hasScannedForEncodings = 0;
			knownRegions = (
				en,
				Base,
			);
			mainGroup = BFB112422B0F554300A301AC;
			productRefGroup = BFB1124C2B0F554300A301AC /* Products */;
			projectDirPath = "";
			projectRoot = "";
			targets = (
				BFB1124A2B0F554300A301AC /* AdHocLoudspeakerArray */,
			);
		};
/* End PBXProject section */

/* Begin PBXResourcesBuildPhase section */
		BFB112492B0F554300A301AC /* Resources */ = {
			isa = PBXResourcesBuildPhase;
			buildActionMask = 2147483647;
			files = (
				BF02E1C72B15AB2E008DE254 /* Drums.wav in Resources */,
				BF3858FA2B34284C003E7C38 /* Test.wav in Resources */,
				BF02E1C52B15AAD2008DE254 /* noise.wav in Resources */,
				BFB112562B0F554600A301AC /* Preview Assets.xcassets in Resources */,
				BFB112532B0F554600A301AC /* Assets.xcassets in Resources */,
			);
			runOnlyForDeploymentPostprocessing = 0;
		};
/* End PBXResourcesBuildPhase section */

/* Begin PBXSourcesBuildPhase section */
		BFB112472B0F554300A301AC /* Sources */ = {
			isa = PBXSourcesBuildPhase;
			buildActionMask = 2147483647;
			files = (
				BFB112682B10700600A301AC /* RoundedCornersButtonStyle.swift in Sources */,
				BFB112882B10D84100A301AC /* LoudspeakerInformationsDictionary.swift in Sources */,
				BF8EFDB62B14624C00623870 /* StackModel.swift in Sources */,
				BF5F83462B1EEF1E000E0926 /* InnerRoomInfoMessage.swift in Sources */,
				BF02E1CE2B1609E0008DE254 /* QueueModel.swift in Sources */,
				BFB112512B0F554300A301AC /* TopPageView.swift in Sources */,
				BFB112752B108DDE00A301AC /* LoudspeakerView.swift in Sources */,
				BF9432412B17313B00499C3A /* OuterRoomInfoModel.swift in Sources */,
				BFB1127A2B10AFBA00A301AC /* AudioInfoMessage.swift in Sources */,
				BFB112722B10725800A301AC /* SoundOperatorView.swift in Sources */,
				BF9432452B186E1400499C3A /* ConvexHullShape.swift in Sources */,
				BF7663B32B1DA8A200F29FF9 /* SoundPathModel.swift in Sources */,
				BF94323E2B17304B00499C3A /* OuterRoomInfoMessage.swift in Sources */,
				BFB112602B0F63CD00A301AC /* SoundOperatorModel.swift in Sources */,
				BFB112622B0F64FE00A301AC /* LoudspeakerModel.swift in Sources */,
				BFB1124F2B0F554300A301AC /* AdHocLoudspeakerArrayApp.swift in Sources */,
				BF9432462B186E1400499C3A /* ArrowShape.swift in Sources */,
				BF02E1CC2B160384008DE254 /* AudioInfoModel.swift in Sources */,
				BFC1BB562B413A66006E2DB4 /* AudioLocationInfoMessage.swift in Sources */,
				BFB112782B10AFA200A301AC /* LoudspeakerInfoMessage.swift in Sources */,
				BFB1125E2B0F558A00A301AC /* AdHocModel.swift in Sources */,
				BF94323C2B17295A00499C3A /* SideMenuView.swift in Sources */,
				BFB1126E2B1071AD00A301AC /* Position.swift in Sources */,
				BF8EFDB32B14601B00623870 /* ConvexHullInfoModel.swift in Sources */,
				BFB112802B10B71F00A301AC /* LoudspeakerInfoModel.swift in Sources */,
				BF02E1CA2B15AB8C008DE254 /* AudioStreamerModel.swift in Sources */,
				BFB1126C2B10716F00A301AC /* PositionView.swift in Sources */,
			);
			runOnlyForDeploymentPostprocessing = 0;
		};
/* End PBXSourcesBuildPhase section */

/* Begin XCBuildConfiguration section */
		BFB112572B0F554600A301AC /* Debug */ = {
			isa = XCBuildConfiguration;
			buildSettings = {
				ALWAYS_SEARCH_USER_PATHS = NO;
				ASSETCATALOG_COMPILER_GENERATE_SWIFT_ASSET_SYMBOL_EXTENSIONS = YES;
				CLANG_ANALYZER_NONNULL = YES;
				CLANG_ANALYZER_NUMBER_OBJECT_CONVERSION = YES_AGGRESSIVE;
				CLANG_CXX_LANGUAGE_STANDARD = "gnu++20";
				CLANG_ENABLE_MODULES = YES;
				CLANG_ENABLE_OBJC_ARC = YES;
				CLANG_ENABLE_OBJC_WEAK = YES;
				CLANG_WARN_BLOCK_CAPTURE_AUTORELEASING = YES;
				CLANG_WARN_BOOL_CONVERSION = YES;
				CLANG_WARN_COMMA = YES;
				CLANG_WARN_CONSTANT_CONVERSION = YES;
				CLANG_WARN_DEPRECATED_OBJC_IMPLEMENTATIONS = YES;
				CLANG_WARN_DIRECT_OBJC_ISA_USAGE = YES_ERROR;
				CLANG_WARN_DOCUMENTATION_COMMENTS = YES;
				CLANG_WARN_EMPTY_BODY = YES;
				CLANG_WARN_ENUM_CONVERSION = YES;
				CLANG_WARN_INFINITE_RECURSION = YES;
				CLANG_WARN_INT_CONVERSION = YES;
				CLANG_WARN_NON_LITERAL_NULL_CONVERSION = YES;
				CLANG_WARN_OBJC_IMPLICIT_RETAIN_SELF = YES;
				CLANG_WARN_OBJC_LITERAL_CONVERSION = YES;
				CLANG_WARN_OBJC_ROOT_CLASS = YES_ERROR;
				CLANG_WARN_QUOTED_INCLUDE_IN_FRAMEWORK_HEADER = YES;
				CLANG_WARN_RANGE_LOOP_ANALYSIS = YES;
				CLANG_WARN_STRICT_PROTOTYPES = YES;
				CLANG_WARN_SUSPICIOUS_MOVE = YES;
				CLANG_WARN_UNGUARDED_AVAILABILITY = YES_AGGRESSIVE;
				CLANG_WARN_UNREACHABLE_CODE = YES;
				CLANG_WARN__DUPLICATE_METHOD_MATCH = YES;
				COPY_PHASE_STRIP = NO;
				DEBUG_INFORMATION_FORMAT = dwarf;
				ENABLE_STRICT_OBJC_MSGSEND = YES;
				ENABLE_TESTABILITY = YES;
				ENABLE_USER_SCRIPT_SANDBOXING = YES;
				GCC_C_LANGUAGE_STANDARD = gnu17;
				GCC_DYNAMIC_NO_PIC = NO;
				GCC_NO_COMMON_BLOCKS = YES;
				GCC_OPTIMIZATION_LEVEL = 0;
				GCC_PREPROCESSOR_DEFINITIONS = (
					"DEBUG=1",
					"$(inherited)",
				);
				GCC_WARN_64_TO_32_BIT_CONVERSION = YES;
				GCC_WARN_ABOUT_RETURN_TYPE = YES_ERROR;
				GCC_WARN_UNDECLARED_SELECTOR = YES;
				GCC_WARN_UNINITIALIZED_AUTOS = YES_AGGRESSIVE;
				GCC_WARN_UNUSED_FUNCTION = YES;
				GCC_WARN_UNUSED_VARIABLE = YES;
				IPHONEOS_DEPLOYMENT_TARGET = 17.0;
				LOCALIZATION_PREFERS_STRING_CATALOGS = YES;
				MTL_ENABLE_DEBUG_INFO = INCLUDE_SOURCE;
				MTL_FAST_MATH = YES;
				ONLY_ACTIVE_ARCH = YES;
				SDKROOT = iphoneos;
				SWIFT_ACTIVE_COMPILATION_CONDITIONS = "DEBUG $(inherited)";
				SWIFT_OPTIMIZATION_LEVEL = "-Onone";
			};
			name = Debug;
		};
		BFB112582B0F554600A301AC /* Release */ = {
			isa = XCBuildConfiguration;
			buildSettings = {
				ALWAYS_SEARCH_USER_PATHS = NO;
				ASSETCATALOG_COMPILER_GENERATE_SWIFT_ASSET_SYMBOL_EXTENSIONS = YES;
				CLANG_ANALYZER_NONNULL = YES;
				CLANG_ANALYZER_NUMBER_OBJECT_CONVERSION = YES_AGGRESSIVE;
				CLANG_CXX_LANGUAGE_STANDARD = "gnu++20";
				CLANG_ENABLE_MODULES = YES;
				CLANG_ENABLE_OBJC_ARC = YES;
				CLANG_ENABLE_OBJC_WEAK = YES;
				CLANG_WARN_BLOCK_CAPTURE_AUTORELEASING = YES;
				CLANG_WARN_BOOL_CONVERSION = YES;
				CLANG_WARN_COMMA = YES;
				CLANG_WARN_CONSTANT_CONVERSION = YES;
				CLANG_WARN_DEPRECATED_OBJC_IMPLEMENTATIONS = YES;
				CLANG_WARN_DIRECT_OBJC_ISA_USAGE = YES_ERROR;
				CLANG_WARN_DOCUMENTATION_COMMENTS = YES;
				CLANG_WARN_EMPTY_BODY = YES;
				CLANG_WARN_ENUM_CONVERSION = YES;
				CLANG_WARN_INFINITE_RECURSION = YES;
				CLANG_WARN_INT_CONVERSION = YES;
				CLANG_WARN_NON_LITERAL_NULL_CONVERSION = YES;
				CLANG_WARN_OBJC_IMPLICIT_RETAIN_SELF = YES;
				CLANG_WARN_OBJC_LITERAL_CONVERSION = YES;
				CLANG_WARN_OBJC_ROOT_CLASS = YES_ERROR;
				CLANG_WARN_QUOTED_INCLUDE_IN_FRAMEWORK_HEADER = YES;
				CLANG_WARN_RANGE_LOOP_ANALYSIS = YES;
				CLANG_WARN_STRICT_PROTOTYPES = YES;
				CLANG_WARN_SUSPICIOUS_MOVE = YES;
				CLANG_WARN_UNGUARDED_AVAILABILITY = YES_AGGRESSIVE;
				CLANG_WARN_UNREACHABLE_CODE = YES;
				CLANG_WARN__DUPLICATE_METHOD_MATCH = YES;
				COPY_PHASE_STRIP = NO;
				DEBUG_INFORMATION_FORMAT = "dwarf-with-dsym";
				ENABLE_NS_ASSERTIONS = NO;
				ENABLE_STRICT_OBJC_MSGSEND = YES;
				ENABLE_USER_SCRIPT_SANDBOXING = YES;
				GCC_C_LANGUAGE_STANDARD = gnu17;
				GCC_NO_COMMON_BLOCKS = YES;
				GCC_WARN_64_TO_32_BIT_CONVERSION = YES;
				GCC_WARN_ABOUT_RETURN_TYPE = YES_ERROR;
				GCC_WARN_UNDECLARED_SELECTOR = YES;
				GCC_WARN_UNINITIALIZED_AUTOS = YES_AGGRESSIVE;
				GCC_WARN_UNUSED_FUNCTION = YES;
				GCC_WARN_UNUSED_VARIABLE = YES;
				IPHONEOS_DEPLOYMENT_TARGET = 17.0;
				LOCALIZATION_PREFERS_STRING_CATALOGS = YES;
				MTL_ENABLE_DEBUG_INFO = NO;
				MTL_FAST_MATH = YES;
				SDKROOT = iphoneos;
				SWIFT_COMPILATION_MODE = wholemodule;
				VALIDATE_PRODUCT = YES;
			};
			name = Release;
		};
		BFB1125A2B0F554600A301AC /* Debug */ = {
			isa = XCBuildConfiguration;
			buildSettings = {
				ASSETCATALOG_COMPILER_APPICON_NAME = AppIcon;
				ASSETCATALOG_COMPILER_GLOBAL_ACCENT_COLOR_NAME = AccentColor;
				CODE_SIGN_STYLE = Automatic;
				CURRENT_PROJECT_VERSION = 1;
				DEVELOPMENT_ASSET_PATHS = "\"AdHocLoudspeakerArray/Preview Content\"";
				DEVELOPMENT_TEAM = 3F3QJU2D65;
				ENABLE_PREVIEWS = YES;
				GENERATE_INFOPLIST_FILE = YES;
				INFOPLIST_FILE = AdHocLoudspeakerArray/Info.plist;
				INFOPLIST_KEY_NSBluetoothAlwaysUsageDescription = "Playng ad hoc loudspeaker array.";
				INFOPLIST_KEY_UIApplicationSupportsIndirectInputEvents = YES;
				INFOPLIST_KEY_UILaunchScreen_Generation = YES;
				INFOPLIST_KEY_UISupportedInterfaceOrientations_iPad = "UIInterfaceOrientationPortrait UIInterfaceOrientationPortraitUpsideDown UIInterfaceOrientationLandscapeLeft UIInterfaceOrientationLandscapeRight";
				INFOPLIST_KEY_UISupportedInterfaceOrientations_iPhone = "UIInterfaceOrientationPortrait UIInterfaceOrientationLandscapeLeft UIInterfaceOrientationLandscapeRight";
				LD_RUNPATH_SEARCH_PATHS = (
					"$(inherited)",
					"@executable_path/Frameworks",
				);
				MARKETING_VERSION = 1.0;
				PRODUCT_BUNDLE_IDENTIFIER = m5261108.AdHocLoudspeakerArray;
				PRODUCT_NAME = "$(TARGET_NAME)";
				SWIFT_EMIT_LOC_STRINGS = YES;
				SWIFT_VERSION = 5.0;
				TARGETED_DEVICE_FAMILY = "1,2";
			};
			name = Debug;
		};
		BFB1125B2B0F554600A301AC /* Release */ = {
			isa = XCBuildConfiguration;
			buildSettings = {
				ASSETCATALOG_COMPILER_APPICON_NAME = AppIcon;
				ASSETCATALOG_COMPILER_GLOBAL_ACCENT_COLOR_NAME = AccentColor;
				CODE_SIGN_STYLE = Automatic;
				CURRENT_PROJECT_VERSION = 1;
				DEVELOPMENT_ASSET_PATHS = "\"AdHocLoudspeakerArray/Preview Content\"";
				DEVELOPMENT_TEAM = 3F3QJU2D65;
				ENABLE_PREVIEWS = YES;
				GENERATE_INFOPLIST_FILE = YES;
				INFOPLIST_FILE = AdHocLoudspeakerArray/Info.plist;
				INFOPLIST_KEY_NSBluetoothAlwaysUsageDescription = "Playng ad hoc loudspeaker array.";
				INFOPLIST_KEY_UIApplicationSupportsIndirectInputEvents = YES;
				INFOPLIST_KEY_UILaunchScreen_Generation = YES;
				INFOPLIST_KEY_UISupportedInterfaceOrientations_iPad = "UIInterfaceOrientationPortrait UIInterfaceOrientationPortraitUpsideDown UIInterfaceOrientationLandscapeLeft UIInterfaceOrientationLandscapeRight";
				INFOPLIST_KEY_UISupportedInterfaceOrientations_iPhone = "UIInterfaceOrientationPortrait UIInterfaceOrientationLandscapeLeft UIInterfaceOrientationLandscapeRight";
				LD_RUNPATH_SEARCH_PATHS = (
					"$(inherited)",
					"@executable_path/Frameworks",
				);
				MARKETING_VERSION = 1.0;
				PRODUCT_BUNDLE_IDENTIFIER = m5261108.AdHocLoudspeakerArray;
				PRODUCT_NAME = "$(TARGET_NAME)";
				SWIFT_EMIT_LOC_STRINGS = YES;
				SWIFT_VERSION = 5.0;
				TARGETED_DEVICE_FAMILY = "1,2";
			};
			name = Release;
		};
/* End XCBuildConfiguration section */

/* Begin XCConfigurationList section */
		BFB112462B0F554300A301AC /* Build configuration list for PBXProject "AdHocLoudspeakerArray" */ = {
			isa = XCConfigurationList;
			buildConfigurations = (
				BFB112572B0F554600A301AC /* Debug */,
				BFB112582B0F554600A301AC /* Release */,
			);
			defaultConfigurationIsVisible = 0;
			defaultConfigurationName = Release;
		};
		BFB112592B0F554600A301AC /* Build configuration list for PBXNativeTarget "AdHocLoudspeakerArray" */ = {
			isa = XCConfigurationList;
			buildConfigurations = (
				BFB1125A2B0F554600A301AC /* Debug */,
				BFB1125B2B0F554600A301AC /* Release */,
			);
			defaultConfigurationIsVisible = 0;
			defaultConfigurationName = Release;
		};
/* End XCConfigurationList section */
	};
	rootObject = BFB112432B0F554300A301AC /* Project object */;
}
